
Microsoft Visual Studio Solution File, Format Version 12.00
# Visual Studio 14
VisualStudioVersion = 14.0.23107.0
MinimumVisualStudioVersion = 10.0.40219.1
Project("{9092AA53-FB77-4645-B42D-1CCCA6BD08BD}") = "HubTaxi-Server", "HubTaxi-Server.njsproj", "{A5064E97-907A-4CD2-B2D9-D1C1255135F2}"
EndProject
Project("{E24C65DC-7377-472B-9ABA-BC803B73C61A}") = "manager", "..\HubTaxi-Client-master\manager\", "{49CC5D03-6A36-4C5D-9D6C-A44B2DC45636}"
	ProjectSection(WebsiteProperties) = preProject
		TargetFrameworkMoniker = ".NETFramework,Version%3Dv4.0"
		Debug.AspNetCompiler.VirtualPath = "/localhost_64600"
		Debug.AspNetCompiler.PhysicalPath = "..\HubTaxi-Client-master\manager\"
		Debug.AspNetCompiler.TargetPath = "PrecompiledWeb\localhost_64600\"
		Debug.AspNetCompiler.Updateable = "true"
		Debug.AspNetCompiler.ForceOverwrite = "true"
		Debug.AspNetCompiler.FixedNames = "false"
		Debug.AspNetCompiler.Debug = "True"
		Release.AspNetCompiler.VirtualPath = "/localhost_64600"
		Release.AspNetCompiler.PhysicalPath = "..\HubTaxi-Client-master\manager\"
		Release.AspNetCompiler.TargetPath = "PrecompiledWeb\localhost_64600\"
		Release.AspNetCompiler.Updateable = "true"
		Release.AspNetCompiler.ForceOverwrite = "true"
		Release.AspNetCompiler.FixedNames = "false"
		Release.AspNetCompiler.Debug = "False"
		VWDPort = "64600"
	EndProjectSection
EndProject
Project("{E24C65DC-7377-472B-9ABA-BC803B73C61A}") = "driver", "..\HubTaxi-Client-master\driver\", "{ECF26831-8018-4891-B8F3-A2FCD0928A72}"
	ProjectSection(WebsiteProperties) = preProject
		TargetFrameworkMoniker = ".NETFramework,Version%3Dv4.0"
		Debug.AspNetCompiler.VirtualPath = "/localhost_64620"
		Debug.AspNetCompiler.PhysicalPath = "..\HubTaxi-Client-master\driver\"
		Debug.AspNetCompiler.TargetPath = "PrecompiledWeb\localhost_64620\"
		Debug.AspNetCompiler.Updateable = "true"
		Debug.AspNetCompiler.ForceOverwrite = "true"
		Debug.AspNetCompiler.FixedNames = "false"
		Debug.AspNetCompiler.Debug = "True"
		Release.AspNetCompiler.VirtualPath = "/localhost_64620"
		Release.AspNetCompiler.PhysicalPath = "..\HubTaxi-Client-master\driver\"
		Release.AspNetCompiler.TargetPath = "PrecompiledWeb\localhost_64620\"
		Release.AspNetCompiler.Updateable = "true"
		Release.AspNetCompiler.ForceOverwrite = "true"
		Release.AspNetCompiler.FixedNames = "false"
		Release.AspNetCompiler.Debug = "False"
		VWDPort = "64620"
	EndProjectSection
EndProject
Project("{E24C65DC-7377-472B-9ABA-BC803B73C61A}") = "client", "..\HubTaxi-Client-master\client\", "{56AAF352-829A-477A-97CF-39E15E9EDBF0}"
	ProjectSection(WebsiteProperties) = preProject
		TargetFrameworkMoniker = ".NETFramework,Version%3Dv4.0"
		Debug.AspNetCompiler.VirtualPath = "/localhost_64622"
		Debug.AspNetCompiler.PhysicalPath = "..\HubTaxi-Client-master\client\"
		Debug.AspNetCompiler.TargetPath = "PrecompiledWeb\localhost_64622\"
		Debug.AspNetCompiler.Updateable = "true"
		Debug.AspNetCompiler.ForceOverwrite = "true"
		Debug.AspNetCompiler.FixedNames = "false"
		Debug.AspNetCompiler.Debug = "True"
		Release.AspNetCompiler.VirtualPath = "/localhost_64622"
		Release.AspNetCompiler.PhysicalPath = "..\HubTaxi-Client-master\client\"
		Release.AspNetCompiler.TargetPath = "PrecompiledWeb\localhost_64622\"
		Release.AspNetCompiler.Updateable = "true"
		Release.AspNetCompiler.ForceOverwrite = "true"
		Release.AspNetCompiler.FixedNames = "false"
		Release.AspNetCompiler.Debug = "False"
		VWDPort = "64622"
	EndProjectSection
EndProject
Global
	GlobalSection(SolutionConfigurationPlatforms) = preSolution
		Debug|Any CPU = Debug|Any CPU
		Release|Any CPU = Release|Any CPU
	EndGlobalSection
	GlobalSection(ProjectConfigurationPlatforms) = postSolution
		{A5064E97-907A-4CD2-B2D9-D1C1255135F2}.Debug|Any CPU.ActiveCfg = Debug|Any CPU
		{A5064E97-907A-4CD2-B2D9-D1C1255135F2}.Debug|Any CPU.Build.0 = Debug|Any CPU
		{A5064E97-907A-4CD2-B2D9-D1C1255135F2}.Release|Any CPU.ActiveCfg = Release|Any CPU
		{A5064E97-907A-4CD2-B2D9-D1C1255135F2}.Release|Any CPU.Build.0 = Release|Any CPU
		{49CC5D03-6A36-4C5D-9D6C-A44B2DC45636}.Debug|Any CPU.ActiveCfg = Debug|Any CPU
		{49CC5D03-6A36-4C5D-9D6C-A44B2DC45636}.Debug|Any CPU.Build.0 = Debug|Any CPU
		{49CC5D03-6A36-4C5D-9D6C-A44B2DC45636}.Release|Any CPU.ActiveCfg = Debug|Any CPU
		{49CC5D03-6A36-4C5D-9D6C-A44B2DC45636}.Release|Any CPU.Build.0 = Debug|Any CPU
		{ECF26831-8018-4891-B8F3-A2FCD0928A72}.Debug|Any CPU.ActiveCfg = Debug|Any CPU
		{ECF26831-8018-4891-B8F3-A2FCD0928A72}.Debug|Any CPU.Build.0 = Debug|Any CPU
		{ECF26831-8018-4891-B8F3-A2FCD0928A72}.Release|Any CPU.ActiveCfg = Debug|Any CPU
		{ECF26831-8018-4891-B8F3-A2FCD0928A72}.Release|Any CPU.Build.0 = Debug|Any CPU
		{56AAF352-829A-477A-97CF-39E15E9EDBF0}.Debug|Any CPU.ActiveCfg = Debug|Any CPU
		{56AAF352-829A-477A-97CF-39E15E9EDBF0}.Debug|Any CPU.Build.0 = Debug|Any CPU
		{56AAF352-829A-477A-97CF-39E15E9EDBF0}.Release|Any CPU.ActiveCfg = Debug|Any CPU
		{56AAF352-829A-477A-97CF-39E15E9EDBF0}.Release|Any CPU.Build.0 = Debug|Any CPU
	EndGlobalSection
	GlobalSection(SolutionProperties) = preSolution
		HideSolutionNode = FALSE
	EndGlobalSection
EndGlobal
